<Solution>
  <Folder Name="/src/">
    <Project Path="src/FamilyLibrarian.Domain/FamilyLibrarian.Domain.csproj" />
    <Project Path="src/FamilyLibrarian.Contracts/FamilyLibrarian.Contracts.csproj" />
    <Project Path="src/FamilyLibrarian.Application/FamilyLibrarian.Application.csproj" />
    <Project Path="src/FamilyLibrarian.Infrastructure/FamilyLibrarian.Infrastructure.csproj" />
    <Project Path="src/FamilyLibrarian.Web.Client/FamilyLibrarian.Web.Client.csproj" />
    <Project Path="src/FamilyLibrarian.Web/FamilyLibrarian.Web.csproj" />
  </Folder>
  <Folder Name="/samples/">
    <Project Path="samples/FamilyLibrarian.SampleProvider/FamilyLibrarian.SampleProvider.csproj" />
  </Folder>
  <Folder Name="/tests/">
    <Project Path="tests/FamilyLibrarian.Domain.Tests/FamilyLibrarian.Domain.Tests.csproj" />
    <Project Path="tests/FamilyLibrarian.Infrastructure.Tests/FamilyLibrarian.Infrastructure.Tests.csproj" />
    <Project Path="tests/FamilyLibrarian.Web.Tests/FamilyLibrarian.Web.Tests.csproj" />
  </Folder>
</Solution>
